Microsoft Visual Studio Solution File, Format Version 12.00
# Visual Studio Version 17
VisualStudioVersion = 17.5.2.0
MinimumVisualStudioVersion = 10.0.40219.1
Project("{FAE04EC0-301F-11D3-BF4B-00C04F79EFBC}") = "Punto", "Punto.csproj", "{268E1819-7554-CFEF-21B6-FDE6A3BB6F82}"
EndProject
Global
	GlobalSection(SolutionConfigurationPlatforms) = preSolution
		Debug|Any CPU = Debug|Any CPU
		Release|Any CPU = Release|Any CPU
	EndGlobalSection
	GlobalSection(ProjectConfigurationPlatforms) = postSolution
		{268E1819-7554-CFEF-21B6-FDE6A3BB6F82}.Debug|Any CPU.ActiveCfg = Debug|Any CPU
		{268E1819-7554-CFEF-21B6-FDE6A3BB6F82}.Debug|Any CPU.Build.0 = Debug|Any CPU
		{268E1819-7554-CFEF-21B6-FDE6A3BB6F82}.Release|Any CPU.ActiveCfg = Release|Any CPU
		{268E1819-7554-CFEF-21B6-FDE6A3BB6F82}.Release|Any CPU.Build.0 = Release|Any CPU
	EndGlobalSection
	GlobalSection(SolutionProperties) = preSolution
		HideSolutionNode = FALSE
	EndGlobalSection
	GlobalSection(ExtensibilityGlobals) = postSolution
		SolutionGuid = {9C20D632-63C3-4337-B645-5EB0BFE0B07B}
	EndGlobalSection
EndGlobal
